
Microsoft Visual Studio Solution File, Format Version 12.00
# Visual Studio Version 17
VisualStudioVersion = 17.0.31717.71
MinimumVisualStudioVersion = 10.0.40219.1
Project("{9A19103F-16F7-4668-BE54-9A1E7A4F7556}") = "FFXIVClientStructs", "FFXIVClientStructs\FFXIVClientStructs.csproj", "{3DBAEE68-9D94-4807-BCB1-E42EDD52B489}"
EndProject
Project("{9A19103F-16F7-4668-BE54-9A1E7A4F7556}") = "FFXIVClientStructs.InteropSourceGenerators", "FFXIVClientStructs.InteropSourceGenerators\FFXIVClientStructs.InteropSourceGenerators.csproj", "{76ECBEC7-1E42-4DA0-8706-3C6FF15A615D}"
EndProject
Project("{9A19103F-16F7-4668-BE54-9A1E7A4F7556}") = "FFXIVClientStructs.ResolverTester", "FFXIVClientStructs.ResolverTester\FFXIVClientStructs.ResolverTester.csproj", "{1830145F-E3E8-4A4F-A2C5-A773B3A583F0}"
EndProject
Project("{9A19103F-16F7-4668-BE54-9A1E7A4F7556}") = "CExporter", "ida\CExporter\CExporter.csproj", "{C204099B-4058-4FCE-A0EC-60DE4ACB1DF9}"
EndProject
Project("{2150E333-8FDC-42A3-9474-1A3956D46DE8}") = "Solution Items", "Solution Items", "{E0F5E1D6-434A-4472-BF57-C95238F4B03B}"
	ProjectSection(SolutionItems) = preProject
		ida\data.yml = ida\data.yml
	EndProjectSection
EndProject
Global
	GlobalSection(SolutionConfigurationPlatforms) = preSolution
		Debug|Any CPU = Debug|Any CPU
		Release|Any CPU = Release|Any CPU
	EndGlobalSection
	GlobalSection(ProjectConfigurationPlatforms) = postSolution
		{3DBAEE68-9D94-4807-BCB1-E42EDD52B489}.Debug|Any CPU.ActiveCfg = Debug|Any CPU
		{3DBAEE68-9D94-4807-BCB1-E42EDD52B489}.Debug|Any CPU.Build.0 = Debug|Any CPU
		{3DBAEE68-9D94-4807-BCB1-E42EDD52B489}.Release|Any CPU.ActiveCfg = Release|Any CPU
		{3DBAEE68-9D94-4807-BCB1-E42EDD52B489}.Release|Any CPU.Build.0 = Release|Any CPU
		{76ECBEC7-1E42-4DA0-8706-3C6FF15A615D}.Debug|Any CPU.ActiveCfg = Debug|Any CPU
		{76ECBEC7-1E42-4DA0-8706-3C6FF15A615D}.Debug|Any CPU.Build.0 = Debug|Any CPU
		{76ECBEC7-1E42-4DA0-8706-3C6FF15A615D}.Release|Any CPU.ActiveCfg = Release|Any CPU
		{76ECBEC7-1E42-4DA0-8706-3C6FF15A615D}.Release|Any CPU.Build.0 = Release|Any CPU
		{1830145F-E3E8-4A4F-A2C5-A773B3A583F0}.Debug|Any CPU.ActiveCfg = Debug|Any CPU
		{1830145F-E3E8-4A4F-A2C5-A773B3A583F0}.Debug|Any CPU.Build.0 = Debug|Any CPU
		{1830145F-E3E8-4A4F-A2C5-A773B3A583F0}.Release|Any CPU.ActiveCfg = Release|Any CPU
		{1830145F-E3E8-4A4F-A2C5-A773B3A583F0}.Release|Any CPU.Build.0 = Release|Any CPU
		{C204099B-4058-4FCE-A0EC-60DE4ACB1DF9}.Debug|Any CPU.ActiveCfg = Debug|Any CPU
		{C204099B-4058-4FCE-A0EC-60DE4ACB1DF9}.Debug|Any CPU.Build.0 = Debug|Any CPU
		{C204099B-4058-4FCE-A0EC-60DE4ACB1DF9}.Release|Any CPU.ActiveCfg = Release|Any CPU
		{C204099B-4058-4FCE-A0EC-60DE4ACB1DF9}.Release|Any CPU.Build.0 = Release|Any CPU
	EndGlobalSection
	GlobalSection(SolutionProperties) = preSolution
		HideSolutionNode = FALSE
	EndGlobalSection
	GlobalSection(ExtensibilityGlobals) = postSolution
		SolutionGuid = {8C2788F0-8D49-4F4C-9510-0DA97B3FEEAA}
	EndGlobalSection
EndGlobal
